
Microsoft Visual Studio Solution File, Format Version 12.00
# Visual Studio Version 17
VisualStudioVersion = 17.13.35828.75 d17.13
MinimumVisualStudioVersion = 10.0.40219.1
Project("{FAE04EC0-301F-11D3-BF4B-00C04F79EFBC}") = "JWE", "JWE\JWE.csproj", "{5BF5CC08-1E76-4788-99DA-FA6349E59217}"
EndProject
Global
	GlobalSection(SolutionConfigurationPlatforms) = preSolution
		Debug|Any CPU = Debug|Any CPU
		Release|Any CPU = Release|Any CPU
	EndGlobalSection
	GlobalSection(ProjectConfigurationPlatforms) = postSolution
		{5BF5CC08-1E76-4788-99DA-FA6349E59217}.Debug|Any CPU.ActiveCfg = Debug|Any CPU
		{5BF5CC08-1E76-4788-99DA-FA6349E59217}.Debug|Any CPU.Build.0 = Debug|Any CPU
		{5BF5CC08-1E76-4788-99DA-FA6349E59217}.Release|Any CPU.ActiveCfg = Release|Any CPU
		{5BF5CC08-1E76-4788-99DA-FA6349E59217}.Release|Any CPU.Build.0 = Release|Any CPU
	EndGlobalSection
	GlobalSection(SolutionProperties) = preSolution
		HideSolutionNode = FALSE
	EndGlobalSection
	GlobalSection(ExtensibilityGlobals) = postSolution
		SolutionGuid = {EE50E6B5-6FDD-4FDB-92A4-365D9FB0715B}
	EndGlobalSection
EndGlobal
